{
  "name": "trpg-ai-platform",
  "version": "0.1.0",
  "lockfileVersion": 3,
  "requires": true,
  "packages": {
    "": {
      "name": "trpg-ai-platform",
      "version": "0.1.0",
      "dependencies": {
        "axios": "^1.6.0",
        "vue": "^3.4.0",
        "vue-router": "^4.2.0",
        "pinia": "^2.1.0"
      },
      "devDependencies": {
        "@vitejs/plugin-vue": "^5.0.0",
        "typescript": "^5.3.0",
        "vite": "^5.0.0",
        "vue-tsc": "^1.8.0"
      }
    },
    "node_modules/@babel/parser": {
      "version": "7.23.6",
      "resolved": "https://registry.npmjs.org/@babel/parser/-/babel-parser-7.23.6.tgz",
      "integrity": "sha512-Z2uID7YJ7oNvAI20O9X0bblw7Qqs8Q2hFy0R9tAfnfLkp5MW0UH9eUvnDSnFwKZ0AvgS1ucqR4KzvVHgnke1VQ==",
      "dev": true,
      "bin": {
        "parser": "bin/babel-parser.js"
      },
      "engines": {
        "node": ">=6.0.0"
      }
    },
    "node_modules/@esbuild/android-arm": {
      "version": "0.19.8",
      "resolved": "https://registry.npmjs.org/@esbuild/android-arm/-/android-arm-0.19.8.tgz",
      "integrity": "sha512-31E2lxlGM1KEfivQl8Yf5aYU/mflz9g06H6S15ITUFQueMFtFjESRMoDSkvMo8thYvLBax+VKTPlpnx+sPicOA==",
      "cpu": [
        "arm"
      ],
      "dev": true,
      "optional": true,
      "os": [
        "android"
      ],
      "engines": {
        "node": ">=12"
      }
    },
    "node_modules/@esbuild/android-arm64": {
      "version": "0.19.8",
      "resolved": "https://registry.npmjs.org/@esbuild/android-arm64/-/android-arm64-0.19.8.tgz",
      "integrity": "sha512-B8JbS61bEunhfx8kasogFENgQrzeJ+Ol7IknyTwOuVLeVzKXLoTJVEeTPuQUHZG8wMll2+eOlbkOAqA/2M0gA==",
      "cpu": [
        "arm64"
      ],
      "dev": true,
      "optional": true,
      "os": [
        "android"
      ],
      "engines": {
        "node": ">=12"
      }
    },
    "node_modules/@esbuild/android-x64": {
      "version": "0.19.8",
      "resolved": "https://registry.npmjs.org/@esbuild/android-x64/-/android-x64-0.19.8.tgz",
      "integrity": "sha512-rdqqYfRIn4jWOp+lzQttYMa2Xar3OK9Yt2fhOhzFXqg0rVWEfSclJvZq5fZslnz6ypHvDkxwJCxCirvbKO8UQg==",
      "cpu": [
        "x64"
      ],
      "dev": true,
      "optional": true,
      "os": [
        "android"
      ],
      "engines": {
        "node": ">=12"
      }
    },
    "node_modules/@esbuild/darwin-arm64": {
      "version": "0.19.8",
      "resolved": "https://registry.npmjs.org/@esbuild/darwin-arm64/-/darwin-arm64-0.19.8.tgz",
      "integrity": "sha512-RQw9DemMbIq35Bprbboyf8SmOr4UXsRVxJ97LgB55VKKeJOOdvsIPy0nFyF2l8U+h4PtBx/1kRf0BelSYzVRSQ==",
      "cpu": [
        "arm64"
      ],
      "dev": true,
      "optional": true,
      "os": [
        "darwin"
      ],
      "engines": {
        "node": ">=12"
      }
    },
    "node_modules/@esbuild/darwin-x64": {
      "version": "0.19.8",
      "resolved": "https://registry.npmjs.org/@esbuild/darwin-x64/-/darwin-x64-0.19.8.tgz",
      "integrity": "sha512-3sur80OT9YdeijWJTgCHZM7KigfkOqv/iNd1SkzZ5UO2Dkfh0HnphsdBFvz3pz+YOI7Pnn65bw761X6/SzYNuQ==",
      "cpu": [
        "x64"
      ],
      "dev": true,
      "optional": true,
      "os": [
        "darwin"
      ],
      "engines": {
        "node": ">=12"
      }
    },
    "node_modules/@esbuild/freebsd-arm64": {
      "version": "0.19.8",
      "resolved": "https://registry.npmjs.org/@esbuild/freebsd-arm64/-/freebsd-arm64-0.19.8.tgz",
      "integrity": "sha512-WAnPJSDattvS/XtPCTj1tPoTxERjcTpH6HsMr6ujTT+X6rylVe8ggxk8pVxzf5U1wh5sfeHqcHqVKhLFrqzqYA==",
      "cpu": [
        "arm64"
      ],
      "dev": true,
      "optional": true,
      "os": [
        "freebsd"
      ],
      "engines": {
        "node": ">=12"
      }
    },
    "node_modules/@esbuild/freebsd-x64": {
      "version": "0.19.8",
      "resolved": "https://registry.npmjs.org/@esbuild/freebsd-x64/-/freebsd-x64-0.19.8.tgz",
      "integrity": "sha512-ICvZyOplIjJA5edH+wy9GjMIZr2yFC/wdGGCy23Svgr4HkSsT7sHCTDbHoNu3n3Pqi3UGVzOQoXTtFx/L+5eg==",
      "cpu": [
        "x64"
      ],
      "dev": true,
      "optional": true,
      "os": [
        "freebsd"
      ],
      "engines": {
        "node": ">=12"
      }
    },
    "node_modules/@esbuild/linux-arm": {
      "version": "0.19.8",
      "resolved": "https://registry.npmjs.org/@esbuild/linux-arm/-/linux-arm-0.19.8.tgz",
      "integrity": "sha512-H4vmI5PYqSvosPaTJuEppU9oz1dq2A7Mr2vyg5sjEI378BFiPtoJz6vD/aeZJXLJ5VoNUdWoQkqRW+H0HmvgA==",
      "cpu": [
        "arm"
      ],
      "dev": true,
      "optional": true,
      "os": [
        "linux"
      ],
      "engines": {
        "node": ">=12"
      }
    },
    "node_modules/@esbuild/linux-arm64": {
      "version": "0.19.8",
      "resolved": "https://registry.npmjs.org/@esbuild/linux-arm64/-/linux-arm64-0.19.8.tgz",
      "integrity": "sha512-z1KgCvMqadWGbkx6YvBH1HpmS2Fgpt1ZNg+vB+g/usCs0bMO+0WKY69jlAa9cLn+zDYroY18XcEeDwviHvZYhg==",
      "cpu": [
        "arm64"
      ],
      "dev": true,
      "optional": true,
      "os": [
        "linux"
      ],
      "engines": {
        "node": ">=12"
      }
    },
    "node_modules/@esbuild/linux-ia32": {
      "version": "0.19.8",
      "resolved": "https://registry.npmjs.org/@esbuild/linux-ia32/-/linux-ia32-0.19.8.tgz",
      "integrity": "sha512-1a8suQiFJmZz1khm/rDglOc8lavtzEMRo0v6WhPgxkrjcU0LkHj+TwBrALwoz/OtMExvsqbbMI0ChyelKabSvQ==",
      "cpu": [
        "ia32"
      ],
      "dev": true,
      "optional": true,
      "os": [
        "linux"
      ],
      "engines": {
        "node": ">=12"
      }
    },
    "node_modules/@esbuild/linux-loong64": {
      "version": "0.19.8",
      "resolved": "https://registry.npmjs.org/@esbuild/linux-loong64/-/linux-loong64-0.19.8.tgz",
      "integrity": "sha512-fHZWS2JJxnXt1uYJsDv9KTbBFSIPi/PYJOy7MJWoQuoU2sn094W7gQhZQ2QRD+wXyj2HfpuJnqwqAGqSfTpAQ==",
      "cpu": [
        "loong64"
      ],
      "dev": true,
      "optional": true,
      "os": [
        "linux"
      ],
      "engines": {
        "node": ">=12"
      }
    },
    "node_modules/@esbuild/linux-mips64el": {
      "version": "0.19.8",
      "resolved": "https://registry.npmjs.org/@esbuild/linux-mips64el/-/linux-mips64el-0.19.8.tgz",
      "integrity": "sha512-Wy/z0EL5qZYLX66dVn1bvlZhdl/DJjEXcBTUZ8tDW6O5IjDB/X+L8HqwdFo2yL3uaV3rjUgT8TwUZP8rYXELQ==",
      "cpu": [
        "mips64el"
      ],
      "dev": true,
      "optional": true,
      "os": [
        "linux"
      ],
      "engines": {
        "node": ">=12"
      }
    },
    "node_modules/@esbuild/linux-ppc64": {
      "version": "0.19.8",
      "resolved": "https://registry.npmjs.org/@esbuild/linux-ppc64/-/linux-ppc64-0.19.8.tgz",
      "integrity": "sha512-ETaW6245wK23YIEufhMQ3HSeHO7NgsLx8gygBVldRHKhOlD1kbhhjvZa+us+UliEOT2U9Mei58yzsFcjV8GjQ==",
      "cpu": [
        "ppc64"
      ],
      "dev": true,
      "optional": true,
      "os": [
        "linux"
      ],
      "engines": {
        "node": ">=12"
      }
    },
    "node_modules/@esbuild/linux-riscv64": {
      "version": "0.19.8",
      "resolved": "https://registry.npmjs.org/@esbuild/linux-riscv64/-/linux-riscv64-0.19.8.tgz",
      "integrity": "sha512-T+wKdSI0UBjGJ6HdKfCmRvbSXKdVQ6uo1A9VZ/sbG2dZZVU1mKTKuIMrKAZqfbZNQPGoMJMwyu7OgZpD4vOvg==",
      "cpu": [
        "riscv64"
      ],
      "dev": true,
      "optional": true,
      "os": [
        "linux"
      ],
      "engines": {
        "node": ">=12"
      }
    },
    "node_modules/@esbuild/linux-s390x": {
      "version": "0.19.8",
      "resolved": "https://registry.npmjs.org/@esbuild/linux-s390x/-/linux-s390x-0.19.8.tgz",
      "integrity": "sha512-NPxbdmmo3Bk7mbNeHmcCd7R7fptJaczPYBaELk6NcXxy7HLNyWwCyNMSDMghYI81NzU234nEgfH2WhvWxeJxJA==",
      "cpu": [
        "s390x"
      ],
      "dev": true,
      "optional": true,
      "os": [
        "linux"
      ],
      "engines": {
        "node": ">=12"
      }
    },
    "node_modules/@esbuild/linux-x64": {
      "version": "0.19.8",
      "resolved": "https://registry.npmjs.org/@esbuild/linux-x64/-/linux-x64-0.19.8.tgz",
      "integrity": "sha512-lytMAVOM3b1gPypL2TRmZ5rnXl7+6IIk8uB3eLsV1JwcizuolblXRrc5ShPrO9ls/b+RTp+E6gbsuLWHWi2zGg==",
      "cpu": [
        "x64"
      ],
      "dev": true,
      "optional": true,
      "os": [
        "linux"
      ],
      "engines": {
        "node": ">=12"
      }
    },
    "node_modules/@esbuild/netbsd-x64": {
      "version": "0.19.8",
      "resolved": "https://registry.npmjs.org/@esbuild/netbsd-x64/-/netbsd-x64-0.19.8.tgz",
      "integrity": "sha512-hvWVo2Yj2gMnjbcBdHKVKyRozUyZGpHr8w8FxfJoi7hvRZvAPOyb6GSNcsPMDqYJg2Ht3VpPa1WnzNTcnwCzQ==",
      "cpu": [
        "x64"
      ],
      "dev": true,
      "optional": true,
      "os": [
        "netbsd"
      ],
      "engines": {
        "node": ">=12"
      }
    },
    "node_modules/@esbuild/openbsd-x64": {
      "version": "0.19.8",
      "resolved": "https://registry.npmjs.org/@esbuild/openbsd-x64/-/openbsd-x64-0.19.8.tgz",
      "integrity": "sha512-/7Y7u77rdvmGTxR83PgaSvHhRiYzgr7AsBKTPttNpZfKo9wk18LOqv4RQqEZC7F2OiIKBV9jHbdzvtubm6yTg==",
      "cpu": [
        "x64"
      ],
      "dev": true,
      "optional": true,
      "os": [
        "openbsd"
      ],
      "engines": {
        "node": ">=12"
      }
    },
    "node_modules/@esbuild/sunos-x64": {
      "version": "0.19.8",
      "resolved": "https://registry.npmjs.org/@esbuild/sunos-x64/-/sunos-x64-0.19.8.tgz",
      "integrity": "sha512-9Lc4s7Oi98GqFA4HzA/W2JHIYfnXbUYgekUP/SmYWf+0IGiXYQ4xD8w1Z8ZpSI3+YsHqWbSP+p23OtMJkbMtw==",
      "cpu": [
        "x64"
      ],
      "dev": true,
      "optional": true,
      "os": [
        "sunos"
      ],
      "engines": {
        "node": ">=12"
      }
    },
    "node_modules/@esbuild/win32-arm64": {
      "version": "0.19.8",
      "resolved": "https://registry.npmjs.org/@esbuild/win32-arm64/-/win32-arm64-0.19.8.tgz",
      "integrity": "sha512-rq6WzBGjSzihI9deW3fC2O5g98d6c7/XVw2D6gA9q86jE0E0H0D7YXb3g2gTjWT8hMDqP5UEo1VbBtVsHqWvA==",
      "cpu": [
        "arm64"
      ],
      "dev": true,
      "optional": true,
      "os": [
        "win32"
      ],
      "engines": {
        "node": ">=12"
      }
    },
    "node_modules/@esbuild/win32-ia32": {
      "version": "0.19.8",
      "resolved": "https://registry.npmjs.org/@esbuild/win32-ia32/-/win32-ia32-0.19.8.tgz",
      "integrity": "sha512-AIAbverbg5jMvJznYiGhrd3sumfwWs8572mIJL5NQjJa06P8KfCpNzl6ibQVIdQMz+uTIdK2chJ+Tp/bWTVQ8w==",
      "cpu": [
        "ia32"
      ],
      "dev": true,
      "optional": true,
      "os": [
        "win32"
      ],
      "engines": {
        "node": ">=12"
      }
    },
    "node_modules/@esbuild/win32-x64": {
      "version": "0.19.8",
      "resolved": "https://registry.npmjs.org/@esbuild/win32-x64/-/win32-x64-0.19.8.tgz",
      "integrity": "sha512-bfZ0cQ1uZs2PqpulNL5j/3w+GDhP36k1K5c38QHTUUqoxCCLq+UtVu9adYLbLkHFp2+yDl495T8ZqxJG+VTE3A==",
      "cpu": [
        "x64"
      ],
      "dev": true,
      "optional": true,
      "os": [
        "win32"
      ],
      "engines": {
        "node": ">=12"
      }
    },
    "node_modules/@jridgewell/gen-mapping": {
      "version": "0.3.3",
      "resolved": "https://registry.npmjs.org/@jridgewell/gen-mapping/-/gen-mapping-0.3.3.tgz",
      "integrity": "sha512-HLhSWOLRi875zjjMG/r+Nv0oCW8umGb0BgEhyX3dDX3egwZtB8PqLnjz3yedt8R5StBrzcg4aBpnh8UA9D1BoQ==",
      "dev": true,
      "dependencies": {
        "@jridgewell/set-array": "^1.0.1",
        "@jridgewell/sourcemap-codec": "^1.4.10",
        "@jridgewell/trace-mapping": "^0.3.9"
      },
      "engines": {
        "node": ">=6.0.0"
      }
    },
    "node_modules/@jridgewell/resolve-uri": {
      "version": "3.1.1",
      "resolved": "https://registry.npmjs.org/@jridgewell/resolve-uri/-/resolve-uri-3.1.1.tgz",
      "integrity": "sha512-dSYZh7HhCDtCKm4QakX0xFpsRDqjjtZf/kjI/v3T3Nwt5r8/qz/M19F9ySyOqU94SXBmeG9ttTul+YnR4LOxFA==",
      "dev": true,
      "engines": {
        "node": ">=6.0.0"
      }
    },
    "node_modules/@jridgewell/set-array": {
      "version": "1.1.2",
      "resolved": "https://registry.npmjs.org/@jridgewell/set-array/-/set-array-1.1.2.tgz",
      "integrity": "sha512-xnkseuNADM0gt2bs+BvhO0p78Mk762YnZdsuzFV018NoG1Sj1SCQvpSqa7XUaTam5vAGasABV9qXASMKnFMwMw==",
      "dev": true,
      "engines": {
        "node": ">=6.0.0"
      }
    },
    "node_modules/@jridgewell/sourcemap-codec": {
      "version": "1.4.15",
      "resolved": "https://registry.npmjs.org/@jridgewell/sourcemap-codec/-/sourcemap-codec-1.4.15.tgz",
      "integrity": "sha512-eF2rxCRulEKXHTRiDrDy6erMYWqNw4LPdQ8UQA4huuxaQsVeRPFl2oM8oDGxMFhJUWZf9McpLtJasDDZb/Bpeg==",
      "dev": true,
      "engines": {
        "node": ">=6.0.0"
      }
    },
    "node_modules/@jridgewell/trace-mapping": {
      "version": "0.3.20",
      "resolved": "https://registry.npmjs.org/@jridgewell/trace-mapping/-/trace-mapping-0.3.20.tgz",
      "integrity": "sha512-R8LcPeWZol2zR8mmH3JeKQ6Q2ND+i1CnN2JE+OoqOp6g0rQvgn/Q7ewo1iX8rS9EL59+yXzsmmLamVNHgA0LA==",
      "dev": true,
      "dependencies": {
        "@jridgewell/resolve-uri": "^3.1.0",
        "@jridgewell/sourcemap-codec": "^1.4.14"
      },
      "engines": {
        "node": ">=6.0.0"
      }
    },
    "node_modules/@types/node": {
      "version": "20.10.5",
      "resolved": "https://registry.npmjs.org/@types/node/-/node-20.10.5.tgz",
      "integrity": "sha512-nNPsNE65wjMxEKI93yOP+NPGGBJz/PoN3kZsVLee0XMiJolxSekEVD8wRwBUBqkwc7UWop0edW50yrCQW4CyRw==",
      "dev": true,
      "optional": true,
      "peer": true,
      "engines": {
        "node": ">=14.17.0"
      }
    },
    "node_modules/@vitejs/plugin-vue": {
      "version": "5.0.0",
      "resolved": "https://registry.npmjs.org/@vitejs/plugin-vue/-/plugin-vue-5.0.0.tgz",
      "integrity": "sha512-CYfkxU7sU8jXC6nqX4Z8SodDNuH4d5t0wS6h7u6ddoVR8n7P7yH4mWXH3d8oHfWAOqh7pP0rQ1bLvx0GOMxw==",
      "dev": true,
      "engines": {
        "node": ">=18.0.0"
      },
      "peerDependencies": {
        "vite": "^5.0.0",
        "vue": "^3.2.25"
      }
    },
    "node_modules/@volar/language-core": {
      "version": "1.11.1",
      "resolved": "https://registry.npmjs.org/@volar/language-core/-/language-core-1.11.1.tgz",
      "integrity": "sha512-dOcNn3i9GgZAcJt43wuaEykSluAuOkQgzni1cuxLxTV0nJKanQztp7FxyswdRILaKH+P2XZMPRp2S4MV/pElCw==",
      "dev": true,
      "dependencies": {
        "@volar/source-map": "1.11.1"
      }
    },
    "node_modules/@volar/source-map": {
      "version": "1.11.1",
      "resolved": "https://registry.npmjs.org/@volar/source-map/-/source-map-1.11.1.tgz",
      "integrity": "sha512-hJnOnwZ4+WT5iupLRnuzbULZ42L7BWWPMmruzwtLhJfpDVoZLjNBxHDi2sY2bgZXCKlpU5XcsMFoYrsQmZhHg==",
      "dev": true
    },
    "node_modules/@volar/typescript": {
      "version": "1.11.1",
      "resolved": "https://registry.npmjs.org/@volar/typescript/-/typescript-1.11.1.tgz",
      "integrity": "sha512-iU+t2fL5nYfMr64j4rKeaTN2HKGx47uyC9WHiyRsvZEHg3EMFH/A/hd/rgWlPaR7Goeyn6mCyhbJvOujdCzcg==",
      "dev": true,
      "dependencies": {
        "@volar/language-core": "1.11.1",
        "path-browserify": "^1.0.1"
      }
    },
    "node_modules/@vue/compiler-core": {
      "version": "3.4.0",
      "resolved": "https://registry.npmjs.org/@vue/compiler-core/-/compiler-core-3.4.0.tgz",
      "integrity": "sha512-40JPuM71LM6rHGfETlno9LibY6F61yji7QB2H0qdaeiKXbTN/9w8Y9qf6IGXBJJ7HP5jWXO2Vw0j6iBxSpQEw==",
      "dependencies": {
        "@babel/parser": "^7.23.6",
        "@vue/shared": "3.4.0",
        "entities": "^4.5.0",
        "estree-walker": "^2.0.2",
        "source-map-js": "^1.0.2"
      }
    },
    "node_modules/@vue/compiler-dom": {
      "version": "3.4.0",
      "resolved": "https://registry.npmjs.org/@vue/compiler-dom/-/compiler-dom-3.4.0.tgz",
      "integrity": "sha512-nKpP8lqeKdKVjOIOLaVqDT+3x3q7P4Vq9zBJPZAf9U9o0qWjQ+4y4pP6nQeT7r7v9pPjtUJl5N8sY7B3oHDIw==",
      "dependencies": {
        "@vue/compiler-core": "3.4.0",
        "@vue/shared": "3.4.0"
      }
    },
    "node_modules/@vue/compiler-sfc": {
      "version": "3.4.0",
      "resolved": "https://registry.npmjs.org/@vue/compiler-sfc/-/compiler-sfc-3.4.0.tgz",
      "integrity": "sha512-5ZBLYJQCJqLxMrpSmcNVzOj3vC4B9Fdnpn0LhETKzqRHqkz5O8jJleiXBgLjE8vW++Q6bD9B7RtzM0+BTvXHQ==",
      "dependencies": {
        "@babel/parser": "^7.23.6",
        "@vue/compiler-core": "3.4.0",
        "@vue/compiler-dom": "3.4.0",
        "@vue/compiler-ssr": "3.4.0",
        "@vue/shared": "3.4.0",
        "estree-walker": "^2.0.2",
        "magic-string": "^0.30.5",
        "postcss": "^8.4.32",
        "source-map-js": "^1.0.2"
      }
    },
    "node_modules/@vue/compiler-ssr": {
      "version": "3.4.0",
      "resolved": "https://registry.npmjs.org/@vue/compiler-ssr/-/compiler-ssr-3.4.0.tgz",
      "integrity": "sha512-N9JWK2dhNZw9O0X2+0Vym+6cFhbZ+5kFZL7Kszr+7WS3hG8vE0wZ4yI5aHIv6F4Kq+lkQhI9gH1FDV2g5M8w==",
      "dependencies": {
        "@vue/compiler-dom": "3.4.0",
        "@vue/shared": "3.4.0"
      }
    },
    "node_modules/@vue/language-core": {
      "version": "1.8.27",
      "resolved": "https://registry.npmjs.org/@vue/language-core/-/language-core-1.8.27.tgz",
      "integrity": "sha512-L8Kc27VdQserNaC3Jo5GkFEAhJRQFvnYjN+DUZLOeEWFt40eO+CA0gzWOVhaWPvrmq2qstVEBHkyuMmBGsCtA==",
      "dev": true,
      "dependencies": {
        "@volar/language-core": "~1.11.0",
        "@volar/source-map": "~1.11.0",
        "vue-demi": "^0.14.0"
      },
      "engines": {
        "node": ">=14"
      },
      "peerDependencies": {
        "typescript": "*"
      },
      "peerDependenciesMeta": {
        "typescript": {
          "optional": true
        }
      }
    },
    "node_modules/@vue/reactivity": {
      "version": "3.4.0",
      "resolved": "https://registry.npmjs.org/@vue/reactivity/-/reactivity-3.4.0.tgz",
      "integrity": "sha512-BE7BN+i6Z3tH2L4hQXHjW5rQ9u+0V+9+NRzT1LhH8o+9dTKXwW3l0N8If0t5S2jQKRf+jzqX5qOJe9o+4n9pw==",
      "dependencies": {
        "@vue/shared": "3.4.0"
      }
    },
    "node_modules/@vue/runtime-core": {
      "version": "3.4.0",
      "resolved": "https://registry.npmjs.org/@vue/runtime-core/-/runtime-core-3.4.0.tgz",
      "integrity": "sha512-9sa1H9qX2Q5oKP51u5rkvV3tE6b4Y9J5dW8aW8HKH3HWpHysnQeI8jH0td1oTPe2aG5t+4gZ3YvQuZ3tGw9g==",
      "dependencies": {
        "@vue/reactivity": "3.4.0",
        "@vue/shared": "3.4.0"
      }
    },
    "node_modules/@vue/runtime-dom": {
      "version": "3.4.0",
      "resolved": "https://registry.npmjs.org/@vue/runtime-dom/-/runtime-dom-3.4.0.tgz",
      "integrity": "sha512-4PvMTDesJlNuV3+N+9kObrIv+L9XbMj1JFxLE1Kyj0nT46xp5M1d+GMouNkXlUtzqVyoQ9cXRvAF0lRQ18Tzw==",
      "dependencies": {
        "@vue/runtime-core": "3.4.0",
        "@vue/shared": "3.4.0"
      }
    },
    "node_modules/@vue/server-renderer": {
      "version": "3.4.0",
      "resolved": "https://registry.npmjs.org/@vue/server-renderer/-/server-renderer-3.4.0.tgz",
      "integrity": "sha512-I+RG1wkqLFnT0q3oCuGtR7q0q8m8f5u5nK4tDyJDFy7bWqR0lN4qGhmYf8z8z7dI3cYh+A0jfcvunmJCJ1c8A==",
      "dependencies": {
        "@vue/compiler-ssr": "3.4.0",
        "@vue/shared": "3.4.0"
      }
    },
    "node_modules/@vue/shared": {
      "version": "3.4.0",
      "resolved": "https://registry.npmjs.org/@vue/shared/-/shared-3.4.0.tgz",
      "integrity": "sha512-NnJ3puS+5v4M+MDQ7nLhXdX+7VTgH7L1HMgW2o8wRQsK7tC5JYc6nHtB2N3j7Q9cNmhQ8z+4r0q8n6K5iKvOQg=="
    },
    "node_modules/@vue/tsconfig": {
      "version": "0.5.1",
      "resolved": "https://registry.npmjs.org/@vue/tsconfig/-/tsconfig-0.5.1.tgz",
      "integrity": "sha512-VwzlhpQrqXyHMLrE5FaNN+LILBPAXx7yqLJEw+YXqVDTQwJGbVFTvKDBiP3zU6dLfXoz1oGnH2pDsOEUvZAJQ==",
      "dev": true
    },
    "node_modules/asynckit": {
      "version": "0.4.0",
      "resolved": "https://registry.npmjs.org/asynckit/-/asynckit-0.4.0.tgz",
      "integrity": "sha512-Oei9OH4tRh0YqU3GxhX79dM/mwVgvbZJaSNaRk+bshkj0S5cfHcgYakreBjrHwatXKbz+IoIdYLxrKim2MjW0Q=="
    },
    "node_modules/axios": {
      "version": "1.6.2",
      "resolved": "https://registry.npmjs.org/axios/-/axios-1.6.2.tgz",
      "integrity": "sha512-7i24Ri4pmDRfJTR7LDBhsOTtcm+9kjX5WiY1X3wIisx6OdKJ5/3UsFwtCavuTfcw6UpKbZvRoxgutMsCZcasgQ==",
      "dependencies": {
        "follow-redirects": "^1.15.0",
        "form-data": "^4.0.0",
        "proxy-from-env": "^1.1.0"
      }
    },
    "node_modules/combined-stream": {
      "version": "1.0.8",
      "resolved": "https://registry.npmjs.org/combined-stream/-/combined-stream-1.0.8.tgz",
      "integrity": "sha512-FQN4MRfuJeHf7cBbBMJFXhKSDq+2kAArBlmRBvcvFE5BB1HZKXtSFASDhdlz9zOYwxh8lDdnvmMOe/+5cdoEdg==",
      "dependencies": {
        "delayed-stream": "~1.0.0"
      },
      "engines": {
        "node": ">= 0.8"
      }
    },
    "node_modules/delayed-stream": {
      "version": "1.0.0",
      "resolved": "https://registry.npmjs.org/delayed-stream/-/delayed-stream-1.0.0.tgz",
      "integrity": "sha512-ZySD7Nf91aLB0RxL4KGrKHBXl7Eds1DAmEdcoVawXnLD7SDhpNgtuII2aAkg7a7QS41jxPSZ17p4VdGnMHk3MQ==",
      "engines": {
        "node": ">=0.4.0"
      }
    },
    "node_modules/entities": {
      "version": "4.5.0",
      "resolved": "https://registry.npmjs.org/entities/-/entities-4.5.0.tgz",
      "integrity": "sha512-V0hjH4dGPh9Ao5p0MoRY6BVqtwCjhz6vI5LT8AJ55H+4g9/4vbHx1I54fS0XuclLhDHArPQCiMjDxjaL8fPxhw==",
      "engines": {
        "node": ">=0.12"
      },
      "funding": {
        "url": "https://github.com/fb55/entities"
      }
    },
    "node_modules/esbuild": {
      "version": "0.19.8",
      "resolved": "https://registry.npmjs.org/esbuild/-/esbuild-0.19.8.tgz",
      "integrity": "sha512-l7iffQpT2OrZfH2rXIp7/FkmaeZM0vxbxN9KfiCwGJIyI90g8g4dbJ/VUh3LWHzvtgmuuljAmFslM59+Tpxhg==",
      "dev": true,
      "hasInstallScript": true,
      "bin": {
        "esbuild": "bin/esbuild"
      },
      "engines": {
        "node": ">=12"
      },
      "optionalDependencies": {
        "@esbuild/android-arm": "0.19.8",
        "@esbuild/android-arm64": "0.19.8",
        "@esbuild/android-x64": "0.19.8",
        "@esbuild/darwin-arm64": "0.19.8",
        "@esbuild/darwin-x64": "0.19.8",
        "@esbuild/freebsd-arm64": "0.19.8",
        "@esbuild/freebsd-x64": "0.19.8",
        "@esbuild/linux-arm": "0.19.8",
        "@esbuild/linux-arm64": "0.19.8",
        "@esbuild/linux-ia32": "0.19.8",
        "@esbuild/linux-loong64": "0.19.8",
        "@esbuild/linux-mips64el": "0.19.8",
        "@esbuild/linux-ppc64": "0.19.8",
        "@esbuild/linux-riscv64": "0.19.8",
        "@esbuild/linux-s390x": "0.19.8",
        "@esbuild/linux-x64": "0.19.8",
        "@esbuild/netbsd-x64": "0.19.8",
        "@esbuild/openbsd-x64": "0.19.8",
        "@esbuild/sunos-x64": "0.19.8",
        "@esbuild/win32-arm64": "0.19.8",
        "@esbuild/win32-ia32": "0.19.8",
        "@esbuild/win32-x64": "0.19.8"
      }
    },
    "node_modules/estree-walker": {
      "version": "2.0.2",
      "resolved": "https://registry.npmjs.org/estree-walker/-/estree-walker-2.0.2.tgz",
      "integrity": "sha512-Rfkk/Mp/DL7JVje3u18FxFujQlTNR2q6QfMSMB7AvCBx91NGj/ba3kCfza0f6dVDbw7YlRf/nDrn7pQrCCyQ/w=="
    },
    "node_modules/follow-redirects": {
      "version": "1.15.3",
      "resolved": "https://registry.npmjs.org/follow-redirects/-/follow-redirects-1.15.3.tgz",
      "integrity": "sha512-1VzOtuEM8pC9SFU1E+8KfTjZyMztRsgEfwQl44z8A25uy13jSzTj6dyK2Df52iV0vgHCfBwLhDWevLn95w5v6Q==",
      "funding": [
        {
          "type": "individual",
          "url": "https://github.com/sponsors/RubenVerborgh"
        }
      ],
      "engines": {
        "node": ">=4.0"
      },
      "peerDependenciesMeta": {
        "debug": {
          "optional": true
        }
      }
    },
    "node_modules/form-data": {
      "version": "4.0.0",
      "resolved": "https://registry.npmjs.org/form-data/-/form-data-4.0.0.tgz",
      "integrity": "sha512-ETEklSGi5t0QMZuiXoA/Q6vcnxcLQP5vdugSpuAyi6SVGi2clPPp+xgEhuMaHC+zGgn31Kd235W35f7Hykkaww==",
      "dependencies": {
        "asynckit": "^0.4.0",
        "combined-stream": "^1.0.8",
        "mime-types": "^2.1.12"
      },
      "engines": {
        "node": ">= 6"
      }
    },
    "node_modules/fsevents": {
      "version": "2.3.3",
      "resolved": "https://registry.npmjs.org/fsevents/-/fsevents-2.3.3.tgz",
      "integrity": "sha512-5xoDfX+fL7faATnagmWPpbFtirVpKVWvGdZ5+gtc9l62Ouf2iclpZXNedCJN6ggwJgOiFt/tpJlyxuFMPliug==",
      "dev": true,
      "hasInstallScript": true,
      "optional": true,
      "os": [
        "darwin"
      ],
      "engines": {
        "node": ">= 8"
      }
    },
    "node_modules/magic-string": {
      "version": "0.30.5",
      "resolved": "https://registry.npmjs.org/magic-string/-/magic-string-0.30.5.tgz",
      "integrity": "sha512-7xlpfBaQaP/T6Vh8MO/EqXEKXIc1oB7+u2+AUBhfa8ZjJtnsvy6fm/qcfGLDj9LrIh1jpZPBdCfVD0W9AQULpQ==",
      "dependencies": {
        "@jridgewell/sourcemap-codec": "^1.4.15"
      },
      "engines": {
        "node": ">=12"
      }
    },
    "node_modules/mime-db": {
      "version": "1.52.0",
      "resolved": "https://registry.npmjs.org/mime-db/-/mime-db-1.52.0.tgz",
      "integrity": "sha512-sPU4uV7dYlvtWJxwwxHD0PuihVNiE7TyAbQ5SWxDCB9mUYvOgroQOwYQQOKPJ8CIbE+1ETVlOoK1UC2nU3gYvg==",
      "engines": {
        "node": ">= 0.6"
      }
    },
    "node_modules/mime-types": {
      "version": "2.1.35",
      "resolved": "https://registry.npmjs.org/mime-types/-/mime-types-2.1.35.tgz",
      "integrity": "sha512-ZDY+bPm5zTTF+YpCrAU9nK0UgICYPT0QtT1NZWFv4s++TNkcgVaT0g6+4R2uI4MjQjzysHB1zxuWL50hzaeXiw==",
      "dependencies": {
        "mime-db": "1.52.0"
      },
      "engines": {
        "node": ">= 0.6"
      }
    },
    "node_modules/nanoid": {
      "version": "3.3.7",
      "resolved": "https://registry.npmjs.org/nanoid/-/nanoid-3.3.7.tgz",
      "integrity": "sha512-eSRppjcPIatRIMC1U6UngP8XFcz8MQWGQdt1MTBQ7NaAmvXDfvNxbvWV3x2y6CdEUciCSsDHDQZbhYaB8QEo2g==",
      "dev": true,
      "funding": [
        {
          "type": "github",
          "url": "https://github.com/ai/nanoid"
        }
      ],
      "bin": {
        "nanoid": "bin/nanoid.cjs"
      },
      "engines": {
        "node": ">=10"
      }
    },
    "node_modules/path-browserify": {
      "version": "1.0.1",
      "resolved": "https://registry.npmjs.org/path-browserify/-/path-browserify-1.0.1.tgz",
      "integrity": "sha512-b7uo2UCUOYZcnF/3ID0lulOJi/bafxa1xPe7ZPsammBSpjSWQkjNxlt635YGS2MiR9GjvuXCtz2emr3jbsz98g==",
      "dev": true
    },
    "node_modules/pinia": {
      "version": "2.1.7",
      "resolved": "https://registry.npmjs.org/pinia/-/pinia-2.1.7.tgz",
      "integrity": "sha512-+C2AHFtcFqjPih0zpYuvofEkaEKsi0DEhdixUOAfxH9GJEJlWb2llRjXiFMs/6AdyQkf3z5q2OWm8ms7pYQ8w==",
      "dependencies": {
        "@vue/devtools-api": "^6.5.0",
        "vue-demi": "^0.14.6"
      },
      "funding": {
        "url": "https://github.com/sponsors/posva"
      },
      "peerDependencies": {
        "@vue/composition-api": "^1.4.0",
        "typescript": ">=4.4.4",
        "vue": "^2.6.14 || ^3.3.0"
      },
      "peerDependenciesMeta": {
        "@vue/composition-api": {
          "optional": true
        },
        "typescript": {
          "optional": true
        }
      }
    },
    "node_modules/postcss": {
      "version": "8.4.32",
      "resolved": "https://registry.npmjs.org/postcss/-/postcss-8.4.32.tgz",
      "integrity": "sha512-D/kj5JNu6oo2EIy+XL/26JEDTlIbB8hw85W4g39H5MpmVv2sXqZENUhZdzhBvSteH71ck73vyzbr4VTtG2cRmg==",
      "funding": [
        {
          "type": "opencollective",
          "url": "https://opencollective.com/postcss/"
        },
        {
          "type": "tidelift",
          "url": "https://tidelift.com/funding/github/npm/postcss"
        },
        {
          "type": "github",
          "url": "https://github.com/sponsors/ai"
        }
      ],
      "dependencies": {
        "nanoid": "^3.3.7",
        "picocolors": "^1.0.0",
        "source-map-js": "^1.0.2"
      },
      "engines": {
        "node": ">=6.0.0"
      }
    },
    "node_modules/proxy-from-env": {
      "version": "1.1.0",
      "resolved": "https://registry.npmjs.org/proxy-from-env/-/proxy-from-env-1.1.0.tgz",
      "integrity": "sha512-D+zkORCbA9f1tdWRK0RaCR3GPv50cMxcrz4X8k5LTSUD1Dkw47mKJEZQNunItRTkWwgtaUSo1RVFRIG9ZXiFYg=="
    },
    "node_modules/rollup": {
      "version": "4.9.1",
      "resolved": "https://registry.npmjs.org/rollup/-/rollup-4.9.1.tgz",
      "integrity": "sha512-pgPO9DWzLoW/vIhlSoDhfXi6z4ZTKyDCFmZtzF4bCn+pGvXc5BUQRKdSVnnxb8V7RAdF4L7WbVRNdM/DsQKm2g==",
      "dev": true,
      "bin": {
        "rollup": "dist/bin/rollup"
      },
      "engines": {
        "node": ">=18.0.0",
        "npm": ">=8.0.0"
      },
      "optionalDependencies": {
        "@rollup/rollup-android-arm-eabi": "4.9.1",
        "@rollup/rollup-android-arm64": "4.9.1",
        "@rollup/rollup-darwin-arm64": "4.9.1",
        "@rollup/rollup-darwin-x64": "4.9.1",
        "@rollup/rollup-linux-arm-gnueabihf": "4.9.1",
        "@rollup/rollup-linux-arm64-gnu": "4.9.1",
        "@rollup/rollup-linux-arm64-musl": "4.9.1",
        "@rollup/rollup-linux-riscv64-gnu": "4.9.1",
        "@rollup/rollup-linux-s390x-gnu": "4.9.1",
        "@rollup/rollup-linux-x64-gnu": "4.9.1",
        "@rollup/rollup-linux-x64-musl": "4.9.1",
        "@rollup/rollup-win32-arm64-msvc": "4.9.1",
        "@rollup/rollup-win32-ia32-msvc": "4.9.1",
        "@rollup/rollup-win32-x64-msvc": "4.9.1",
        "fsevents": "~2.3.2"
      }
    },
    "node_modules/source-map-js": {
      "version": "1.0.2",
      "resolved": "https://registry.npmjs.org/source-map-js/-/source-map-js-1.0.2.tgz",
      "integrity": "sha512-R0XvVJ9WusLiqTCEiGCmICCMplcCkIwwR11mOSD9CR5u+IXYdiseeEuXCVAjS54zqwkLcPNnmU4OeJ6tUrWhDw==",
      "engines": {
        "node": ">=0.10.0"
      }
    },
    "node_modules/typescript": {
      "version": "5.3.3",
      "resolved": "https://registry.npmjs.org/typescript/-/typescript-5.3.3.tgz",
      "integrity": "sha512-pXWcraxM0uxAS+tN0AG/BF2TyqmHO014Z070UsJ+pFvYuRSq8KH8DmWpnbXe0pEPDHXZV3FcAbJkijJ5oNEnWw==",
      "dev": true,
      "bin": {
        "tsc": "bin/tsc",
        "tsserver": "bin/tsserver"
      },
      "engines": {
        "node": ">=14.17"
      }
    },
    "node_modules/vite": {
      "version": "5.0.8",
      "resolved": "https://registry.npmjs.org/vite/-/vite-5.0.8.tgz",
      "integrity": "sha512-jYMALd8aeqR3yS9xlHd0OzQJndS9fH5ylVgWdB+pxTwxOOhwkeU1xNENH4bT2BhJ/FoiWJqDcO8U3b/ypBaoXg==",
      "dev": true,
      "dependencies": {
        "esbuild": "^0.19.3",
        "postcss": "^8.4.32",
        "rollup": "^4.2.0"
      },
      "bin": {
        "vite": "bin/vite.js"
      },
      "engines": {
        "node": ">=18.0.0"
      },
      "funding": {
        "url": "https://github.com/vitejs/vite"
        "url": "https://github.com/sponsors/evanw"
      },
      "optionalDependencies": {
        "fsevents": "~2.3.2"
      }
    },
    "node_modules/vue": {
      "version": "3.4.0",
      "resolved": "https://registry.npmjs.org/vue/-/vue-3.4.0.tgz",
      "integrity": "sha512-VFUAjQ0Hq5J0oV2ZlxB2y2g1H6aMPHu9YmrD0XhTqXhO3nCbvJ7t7y4yO3b8t8w8y0XD7jZkqD4DXx7i8W8W8g==",
      "dependencies": {
        "@vue/compiler-dom": "3.4.0",
        "@vue/compiler-sfc": "3.4.0",
        "@vue/runtime-dom": "3.4.0",
        "@vue/server-renderer": "3.4.0",
        "@vue/shared": "3.4.0"
      }
    },
    "node_modules/vue-demi": {
      "version": "0.14.7",
      "resolved": "https://registry.npmjs.org/vue-demi/-/vue-demi-0.14.7.tgz",
      "integrity": "sha512-EOG8KXDQNwkJILkx/gPpxYYywuDDdZwsUmXA+2J5M9OVgFadOwFJHdPhEXd1rMqD5bvM1qaJZ3l9rEQkubxQg==",
      "hasInstallScript": true,
      "bin": {
        "vue-demi-fix": "bin/vue-demi-fix.js",
        "vue-demi-init": "bin/vue-demi-init.js"
      },
      "engines": {
        "node": ">=12"
      },
      "funding": {
        "url": "https://github.com/sponsors/antfu"
      },
      "peerDependencies": {
        "@vue/composition-api": "^1.0.0-rc.1",
        "vue": "^3.0.0-0 || ^2.6.0"
      },
      "peerDependenciesMeta": {
        "@vue/composition-api": {
          "optional": true
        }
      }
    },
    "node_modules/vue-router": {
      "version": "4.2.5",
      "resolved": "https://registry.npmjs.org/vue-router/-/vue-router-4.2.5.tgz",
      "integrity": "sha512-DIUpKcyg4+PTQKfFPX88UWhlagBEBEfJ5A8XDXRJLUnZOvcpMF8o/dnZ/4tcWsZodNjNE85a1DhWo0Si94hTsA==",
      "dependencies": {
        "@vue/devtools-api": "^6.5.0"
      },
      "funding": {
        "url": "https://github.com/sponsors/posva"
      },
      "peerDependencies": {
        "vue": "^3.2.0"
      }
    },
    "node_modules/vue-tsc": {
      "version": "1.8.27",
      "resolved": "https://registry.npmjs.org/vue-tsc/-/vue-tsc-1.8.27.tgz",
      "integrity": "sha512-WesKCAZCRAbmmhuGl3+VrdWItEvfoFIPJB+JiKzC6uux2cOHP1Bs9NgT/cTm2txNMh/lmqXt3BtCZHgHQBsyKA==",
      "dev": true,
      "dependencies": {
        "@volar/typescript": "~1.11.1",
        "@vue/language-core": "1.8.27",
        "semver": "^7.5.4"
      },
      "bin": {
        "vue-tsc": "bin/vue-tsc.js"
      },
      "engines": {
        "node": ">=14.19.0"
      },
      "peerDependencies": {
        "typescript": "*"
      }
    }
  }
}